
Microsoft Visual Studio Solution File, Format Version 12.00
# Visual Studio 15
VisualStudioVersion = 15.0.28307.705
MinimumVisualStudioVersion = 10.0.40219.1
Project("{FAE04EC0-301F-11D3-BF4B-00C04F79EFBC}") = "Test2a", "Test2a\Test2a.csproj", "{7278CC5E-B301-4182-8BF5-BA3323C5E5B4}"
EndProject
Global
	GlobalSection(SolutionConfigurationPlatforms) = preSolution
		Debug|Any CPU = Debug|Any CPU
		Release|Any CPU = Release|Any CPU
	EndGlobalSection
	GlobalSection(ProjectConfigurationPlatforms) = postSolution
		{7278CC5E-B301-4182-8BF5-BA3323C5E5B4}.Debug|Any CPU.ActiveCfg = Debug|Any CPU
		{7278CC5E-B301-4182-8BF5-BA3323C5E5B4}.Debug|Any CPU.Build.0 = Debug|Any CPU
		{7278CC5E-B301-4182-8BF5-BA3323C5E5B4}.Release|Any CPU.ActiveCfg = Release|Any CPU
		{7278CC5E-B301-4182-8BF5-BA3323C5E5B4}.Release|Any CPU.Build.0 = Release|Any CPU
	EndGlobalSection
	GlobalSection(SolutionProperties) = preSolution
		HideSolutionNode = FALSE
	EndGlobalSection
	GlobalSection(ExtensibilityGlobals) = postSolution
		SolutionGuid = {EF01EECC-9B06-4ADF-9D0F-F9FE6B412217}
	EndGlobalSection
EndGlobal
